
Microsoft Visual Studio Solution File, Format Version 12.00
# Visual Studio Version 17
VisualStudioVersion = 17.7.34031.279
MinimumVisualStudioVersion = 10.0.40219.1
Project("{FAE04EC0-301F-11D3-BF4B-00C04F79EFBC}") = "WebApplication1", "WebApplication1.csproj", "{E8069EB4-A6CF-4507-A7AD-D519C59EBC7B}"
EndProject
Global
	GlobalSection(SolutionConfigurationPlatforms) = preSolution
		Debug|Any CPU = Debug|Any CPU
		Release|Any CPU = Release|Any CPU
	EndGlobalSection
	GlobalSection(ProjectConfigurationPlatforms) = postSolution
		{E8069EB4-A6CF-4507-A7AD-D519C59EBC7B}.Debug|Any CPU.ActiveCfg = Debug|Any CPU
		{E8069EB4-A6CF-4507-A7AD-D519C59EBC7B}.Debug|Any CPU.Build.0 = Debug|Any CPU
		{E8069EB4-A6CF-4507-A7AD-D519C59EBC7B}.Release|Any CPU.ActiveCfg = Release|Any CPU
		{E8069EB4-A6CF-4507-A7AD-D519C59EBC7B}.Release|Any CPU.Build.0 = Release|Any CPU
	EndGlobalSection
	GlobalSection(SolutionProperties) = preSolution
		HideSolutionNode = FALSE
	EndGlobalSection
	GlobalSection(ExtensibilityGlobals) = postSolution
		SolutionGuid = {C3F8337C-1890-49E6-8ABC-DA63CE49BD07}
	EndGlobalSection
EndGlobal
